// !$*UTF8*$!
{
	archiveVersion = 1;
	classes = {
	};
	objectVersion = 46;
	objects = {

/* Begin PBXBuildFile section */
		81DBEF341CB110B500D5B29E /* AppDelegate.swift in Sources */ = {isa = PBXBuildFile; fileRef = 81DBEF331CB110B500D5B29E /* AppDelegate.swift */; };
		81DBEF361CB110B500D5B29E /* ViewController.swift in Sources */ = {isa = PBXBuildFile; fileRef = 81DBEF351CB110B500D5B29E /* ViewController.swift */; };
		81DBEF391CB110B500D5B29E /* Main.storyboard in Resources */ = {isa = PBXBuildFile; fileRef = 81DBEF371CB110B500D5B29E /* Main.storyboard */; };
		81DBEF3B1CB110B500D5B29E /* Assets.xcassets in Resources */ = {isa = PBXBuildFile; fileRef = 81DBEF3A1CB110B500D5B29E /* Assets.xcassets */; };
		81DBEF3E1CB110B500D5B29E /* LaunchScreen.storyboard in Resources */ = {isa = PBXBuildFile; fileRef = 81DBEF3C1CB110B500D5B29E /* LaunchScreen.storyboard */; };
		81DBEF491CB110B500D5B29E /* TBSTests.swift in Sources */ = {isa = PBXBuildFile; fileRef = 81DBEF481CB110B500D5B29E /* TBSTests.swift */; };
		81DBEF541CB110B500D5B29E /* TBSUITests.swift in Sources */ = {isa = PBXBuildFile; fileRef = 81DBEF531CB110B500D5B29E /* TBSUITests.swift */; };
		81DBEF631CB1111300D5B29E /* Field.swift in Sources */ = {isa = PBXBuildFile; fileRef = 81DBEF621CB1111300D5B29E /* Field.swift */; };
		81DBEF651CB115FF00D5B29E /* Board.swift in Sources */ = {isa = PBXBuildFile; fileRef = 81DBEF641CB115FF00D5B29E /* Board.swift */; };
		81DBEF681CB118B300D5B29E /* FieldView.swift in Sources */ = {isa = PBXBuildFile; fileRef = 81DBEF671CB118B300D5B29E /* FieldView.swift */; };
		81DBEF6C1CB1A24C00D5B29E /* BoardView.swift in Sources */ = {isa = PBXBuildFile; fileRef = 81DBEF6B1CB1A24C00D5B29E /* BoardView.swift */; };
		81DBEF6E1CB1BB9D00D5B29E /* Character.swift in Sources */ = {isa = PBXBuildFile; fileRef = 81DBEF6D1CB1BB9D00D5B29E /* Character.swift */; };
		81DBEF701CB1C07000D5B29E /* CharacterView.swift in Sources */ = {isa = PBXBuildFile; fileRef = 81DBEF6F1CB1C07000D5B29E /* CharacterView.swift */; };
/* End PBXBuildFile section */

/* Begin PBXContainerItemProxy section */
		81DBEF451CB110B500D5B29E /* PBXContainerItemProxy */ = {
			isa = PBXContainerItemProxy;
			containerPortal = 81DBEF281CB110B500D5B29E /* Project object */;
			proxyType = 1;
			remoteGlobalIDString = 81DBEF2F1CB110B500D5B29E;
			remoteInfo = TBS;
		};
		81DBEF501CB110B500D5B29E /* PBXContainerItemProxy */ = {
			isa = PBXContainerItemProxy;
			containerPortal = 81DBEF281CB110B500D5B29E /* Project object */;
			proxyType = 1;
			remoteGlobalIDString = 81DBEF2F1CB110B500D5B29E;
			remoteInfo = TBS;
		};
/* End PBXContainerItemProxy section */

/* Begin PBXFileReference section */
		81DBEF301CB110B500D5B29E /* TBS.app */ = {isa = PBXFileReference; explicitFileType = wrapper.application; includeInIndex = 0; path = TBS.app; sourceTree = BUILT_PRODUCTS_DIR; };
		81DBEF331CB110B500D5B29E /* AppDelegate.swift */ = {isa = PBXFileReference; lastKnownFileType = sourcecode.swift; path = AppDelegate.swift; sourceTree = "<group>"; };
		81DBEF351CB110B500D5B29E /* ViewController.swift */ = {isa = PBXFileReference; lastKnownFileType = sourcecode.swift; path = ViewController.swift; sourceTree = "<group>"; };
		81DBEF381CB110B500D5B29E /* Base */ = {isa = PBXFileReference; lastKnownFileType = file.storyboard; name = Base; path = Base.lproj/Main.storyboard; sourceTree = "<group>"; };
		81DBEF3A1CB110B500D5B29E /* Assets.xcassets */ = {isa = PBXFileReference; lastKnownFileType = folder.assetcatalog; path = Assets.xcassets; sourceTree = "<group>"; };
		81DBEF3D1CB110B500D5B29E /* Base */ = {isa = PBXFileReference; lastKnownFileType = file.storyboard; name = Base; path = Base.lproj/LaunchScreen.storyboard; sourceTree = "<group>"; };
		81DBEF3F1CB110B500D5B29E /* Info.plist */ = {isa = PBXFileReference; lastKnownFileType = text.plist.xml; path = Info.plist; sourceTree = "<group>"; };
		81DBEF441CB110B500D5B29E /* TBSTests.xctest */ = {isa = PBXFileReference; explicitFileType = wrapper.cfbundle; includeInIndex = 0; path = TBSTests.xctest; sourceTree = BUILT_PRODUCTS_DIR; };
		81DBEF481CB110B500D5B29E /* TBSTests.swift */ = {isa = PBXFileReference; lastKnownFileType = sourcecode.swift; path = TBSTests.swift; sourceTree = "<group>"; };
		81DBEF4A1CB110B500D5B29E /* Info.plist */ = {isa = PBXFileReference; lastKnownFileType = text.plist.xml; path = Info.plist; sourceTree = "<group>"; };
		81DBEF4F1CB110B500D5B29E /* TBSUITests.xctest */ = {isa = PBXFileReference; explicitFileType = wrapper.cfbundle; includeInIndex = 0; path = TBSUITests.xctest; sourceTree = BUILT_PRODUCTS_DIR; };
		81DBEF531CB110B500D5B29E /* TBSUITests.swift */ = {isa = PBXFileReference; lastKnownFileType = sourcecode.swift; path = TBSUITests.swift; sourceTree = "<group>"; };
		81DBEF551CB110B500D5B29E /* Info.plist */ = {isa = PBXFileReference; lastKnownFileType = text.plist.xml; path = Info.plist; sourceTree = "<group>"; };
		81DBEF621CB1111300D5B29E /* Field.swift */ = {isa = PBXFileReference; fileEncoding = 4; lastKnownFileType = sourcecode.swift; path = Field.swift; sourceTree = "<group>"; };
		81DBEF641CB115FF00D5B29E /* Board.swift */ = {isa = PBXFileReference; fileEncoding = 4; lastKnownFileType = sourcecode.swift; path = Board.swift; sourceTree = "<group>"; };
		81DBEF671CB118B300D5B29E /* FieldView.swift */ = {isa = PBXFileReference; fileEncoding = 4; lastKnownFileType = sourcecode.swift; path = FieldView.swift; sourceTree = "<group>"; };
		81DBEF6B1CB1A24C00D5B29E /* BoardView.swift */ = {isa = PBXFileReference; fileEncoding = 4; lastKnownFileType = sourcecode.swift; path = BoardView.swift; sourceTree = "<group>"; };
		81DBEF6D1CB1BB9D00D5B29E /* Character.swift */ = {isa = PBXFileReference; fileEncoding = 4; lastKnownFileType = sourcecode.swift; path = Character.swift; sourceTree = "<group>"; };
		81DBEF6F1CB1C07000D5B29E /* CharacterView.swift */ = {isa = PBXFileReference; fileEncoding = 4; lastKnownFileType = sourcecode.swift; path = CharacterView.swift; sourceTree = "<group>"; };
/* End PBXFileReference section */

/* Begin PBXFrameworksBuildPhase section */
		81DBEF2D1CB110B500D5B29E /* Frameworks */ = {
			isa = PBXFrameworksBuildPhase;
			buildActionMask = 2147483647;
			files = (
			);
			runOnlyForDeploymentPostprocessing = 0;
		};
		81DBEF411CB110B500D5B29E /* Frameworks */ = {
			isa = PBXFrameworksBuildPhase;
			buildActionMask = 2147483647;
			files = (
			);
			runOnlyForDeploymentPostprocessing = 0;
		};
		81DBEF4C1CB110B500D5B29E /* Frameworks */ = {
			isa = PBXFrameworksBuildPhase;
			buildActionMask = 2147483647;
			files = (
			);
			runOnlyForDeploymentPostprocessing = 0;
		};
/* End PBXFrameworksBuildPhase section */

/* Begin PBXGroup section */
		81DBEF271CB110B500D5B29E = {
			isa = PBXGroup;
			children = (
				81DBEF321CB110B500D5B29E /* TBS */,
				81DBEF471CB110B500D5B29E /* TBSTests */,
				81DBEF521CB110B500D5B29E /* TBSUITests */,
				81DBEF311CB110B500D5B29E /* Products */,
			);
			sourceTree = "<group>";
		};
		81DBEF311CB110B500D5B29E /* Products */ = {
			isa = PBXGroup;
			children = (
				81DBEF301CB110B500D5B29E /* TBS.app */,
				81DBEF441CB110B500D5B29E /* TBSTests.xctest */,
				81DBEF4F1CB110B500D5B29E /* TBSUITests.xctest */,
			);
			name = Products;
			sourceTree = "<group>";
		};
		81DBEF321CB110B500D5B29E /* TBS */ = {
			isa = PBXGroup;
			children = (
				81DBEF661CB1188900D5B29E /* UI */,
				81DBEF611CB110CE00D5B29E /* Model */,
				81DBEF331CB110B500D5B29E /* AppDelegate.swift */,
				81DBEF351CB110B500D5B29E /* ViewController.swift */,
				81DBEF371CB110B500D5B29E /* Main.storyboard */,
				81DBEF3A1CB110B500D5B29E /* Assets.xcassets */,
				81DBEF3C1CB110B500D5B29E /* LaunchScreen.storyboard */,
				81DBEF3F1CB110B500D5B29E /* Info.plist */,
			);
			path = TBS;
			sourceTree = "<group>";
		};
		81DBEF471CB110B500D5B29E /* TBSTests */ = {
			isa = PBXGroup;
			children = (
				81DBEF481CB110B500D5B29E /* TBSTests.swift */,
				81DBEF4A1CB110B500D5B29E /* Info.plist */,
			);
			path = TBSTests;
			sourceTree = "<group>";
		};
		81DBEF521CB110B500D5B29E /* TBSUITests */ = {
			isa = PBXGroup;
			children = (
				81DBEF531CB110B500D5B29E /* TBSUITests.swift */,
				81DBEF551CB110B500D5B29E /* Info.plist */,
			);
			path = TBSUITests;
			sourceTree = "<group>";
		};
		81DBEF611CB110CE00D5B29E /* Model */ = {
			isa = PBXGroup;
			children = (
				81DBEF621CB1111300D5B29E /* Field.swift */,
				81DBEF641CB115FF00D5B29E /* Board.swift */,
				81DBEF6D1CB1BB9D00D5B29E /* Character.swift */,
			);
			name = Model;
			sourceTree = "<group>";
		};
		81DBEF661CB1188900D5B29E /* UI */ = {
			isa = PBXGroup;
			children = (
				81DBEF671CB118B300D5B29E /* FieldView.swift */,
				81DBEF6B1CB1A24C00D5B29E /* BoardView.swift */,
				81DBEF6F1CB1C07000D5B29E /* CharacterView.swift */,
			);
			name = UI;
			sourceTree = "<group>";
		};
/* End PBXGroup section */

/* Begin PBXNativeTarget section */
		81DBEF2F1CB110B500D5B29E /* TBS */ = {
			isa = PBXNativeTarget;
			buildConfigurationList = 81DBEF581CB110B500D5B29E /* Build configuration list for PBXNativeTarget "TBS" */;
			buildPhases = (
				81DBEF2C1CB110B500D5B29E /* Sources */,
				81DBEF2D1CB110B500D5B29E /* Frameworks */,
				81DBEF2E1CB110B500D5B29E /* Resources */,
			);
			buildRules = (
			);
			dependencies = (
			);
			name = TBS;
			productName = TBS;
			productReference = 81DBEF301CB110B500D5B29E /* TBS.app */;
			productType = "com.apple.product-type.application";
		};
		81DBEF431CB110B500D5B29E /* TBSTests */ = {
			isa = PBXNativeTarget;
			buildConfigurationList = 81DBEF5B1CB110B500D5B29E /* Build configuration list for PBXNativeTarget "TBSTests" */;
			buildPhases = (
				81DBEF401CB110B500D5B29E /* Sources */,
				81DBEF411CB110B500D5B29E /* Frameworks */,
				81DBEF421CB110B500D5B29E /* Resources */,
			);
			buildRules = (
			);
			dependencies = (
				81DBEF461CB110B500D5B29E /* PBXTargetDependency */,
			);
			name = TBSTests;
			productName = TBSTests;
			productReference = 81DBEF441CB110B500D5B29E /* TBSTests.xctest */;
			productType = "com.apple.product-type.bundle.unit-test";
		};
		81DBEF4E1CB110B500D5B29E /* TBSUITests */ = {
			isa = PBXNativeTarget;
			buildConfigurationList = 81DBEF5E1CB110B500D5B29E /* Build configuration list for PBXNativeTarget "TBSUITests" */;
			buildPhases = (
				81DBEF4B1CB110B500D5B29E /* Sources */,
				81DBEF4C1CB110B500D5B29E /* Frameworks */,
				81DBEF4D1CB110B500D5B29E /* Resources */,
			);
			buildRules = (
			);
			dependencies = (
				81DBEF511CB110B500D5B29E /* PBXTargetDependency */,
			);
			name = TBSUITests;
			productName = TBSUITests;
			productReference = 81DBEF4F1CB110B500D5B29E /* TBSUITests.xctest */;
			productType = "com.apple.product-type.bundle.ui-testing";
		};
/* End PBXNativeTarget section */

/* Begin PBXProject section */
		81DBEF281CB110B500D5B29E /* Project object */ = {
			isa = PBXProject;
			attributes = {
				LastSwiftUpdateCheck = 0720;
				LastUpgradeCheck = 0720;
				ORGANIZATIONNAME = "Aleksey Shmurak";
				TargetAttributes = {
					81DBEF2F1CB110B500D5B29E = {
						CreatedOnToolsVersion = 7.2.1;
					};
					81DBEF431CB110B500D5B29E = {
						CreatedOnToolsVersion = 7.2.1;
						TestTargetID = 81DBEF2F1CB110B500D5B29E;
					};
					81DBEF4E1CB110B500D5B29E = {
						CreatedOnToolsVersion = 7.2.1;
						TestTargetID = 81DBEF2F1CB110B500D5B29E;
					};
				};
			};
			buildConfigurationList = 81DBEF2B1CB110B500D5B29E /* Build configuration list for PBXProject "TBS" */;
			compatibilityVersion = "Xcode 3.2";
			developmentRegion = English;
			hasScannedForEncodings = 0;
			knownRegions = (
				en,
				Base,
			);
			mainGroup = 81DBEF271CB110B500D5B29E;
			productRefGroup = 81DBEF311CB110B500D5B29E /* Products */;
			projectDirPath = "";
			projectRoot = "";
			targets = (
				81DBEF2F1CB110B500D5B29E /* TBS */,
				81DBEF431CB110B500D5B29E /* TBSTests */,
				81DBEF4E1CB110B500D5B29E /* TBSUITests */,
			);
		};
/* End PBXProject section */

/* Begin PBXResourcesBuildPhase section */
		81DBEF2E1CB110B500D5B29E /* Resources */ = {
			isa = PBXResourcesBuildPhase;
			buildActionMask = 2147483647;
			files = (
				81DBEF3E1CB110B500D5B29E /* LaunchScreen.storyboard in Resources */,
				81DBEF3B1CB110B500D5B29E /* Assets.xcassets in Resources */,
				81DBEF391CB110B500D5B29E /* Main.storyboard in Resources */,
			);
			runOnlyForDeploymentPostprocessing = 0;
		};
		81DBEF421CB110B500D5B29E /* Resources */ = {
			isa = PBXResourcesBuildPhase;
			buildActionMask = 2147483647;
			files = (
			);
			runOnlyForDeploymentPostprocessing = 0;
		};
		81DBEF4D1CB110B500D5B29E /* Resources */ = {
			isa = PBXResourcesBuildPhase;
			buildActionMask = 2147483647;
			files = (
			);
			runOnlyForDeploymentPostprocessing = 0;
		};
/* End PBXResourcesBuildPhase section */

/* Begin PBXSourcesBuildPhase section */
		81DBEF2C1CB110B500D5B29E /* Sources */ = {
			isa = PBXSourcesBuildPhase;
			buildActionMask = 2147483647;
			files = (
				81DBEF361CB110B500D5B29E /* ViewController.swift in Sources */,
				81DBEF341CB110B500D5B29E /* AppDelegate.swift in Sources */,
				81DBEF651CB115FF00D5B29E /* Board.swift in Sources */,
				81DBEF6C1CB1A24C00D5B29E /* BoardView.swift in Sources */,
				81DBEF631CB1111300D5B29E /* Field.swift in Sources */,
				81DBEF681CB118B300D5B29E /* FieldView.swift in Sources */,
				81DBEF701CB1C07000D5B29E /* CharacterView.swift in Sources */,
				81DBEF6E1CB1BB9D00D5B29E /* Character.swift in Sources */,
			);
			runOnlyForDeploymentPostprocessing = 0;
		};
		81DBEF401CB110B500D5B29E /* Sources */ = {
			isa = PBXSourcesBuildPhase;
			buildActionMask = 2147483647;
			files = (
				81DBEF491CB110B500D5B29E /* TBSTests.swift in Sources */,
			);
			runOnlyForDeploymentPostprocessing = 0;
		};
		81DBEF4B1CB110B500D5B29E /* Sources */ = {
			isa = PBXSourcesBuildPhase;
			buildActionMask = 2147483647;
			files = (
				81DBEF541CB110B500D5B29E /* TBSUITests.swift in Sources */,
			);
			runOnlyForDeploymentPostprocessing = 0;
		};
/* End PBXSourcesBuildPhase section */

/* Begin PBXTargetDependency section */
		81DBEF461CB110B500D5B29E /* PBXTargetDependency */ = {
			isa = PBXTargetDependency;
			target = 81DBEF2F1CB110B500D5B29E /* TBS */;
			targetProxy = 81DBEF451CB110B500D5B29E /* PBXContainerItemProxy */;
		};
		81DBEF511CB110B500D5B29E /* PBXTargetDependency */ = {
			isa = PBXTargetDependency;
			target = 81DBEF2F1CB110B500D5B29E /* TBS */;
			targetProxy = 81DBEF501CB110B500D5B29E /* PBXContainerItemProxy */;
		};
/* End PBXTargetDependency section */

/* Begin PBXVariantGroup section */
		81DBEF371CB110B500D5B29E /* Main.storyboard */ = {
			isa = PBXVariantGroup;
			children = (
				81DBEF381CB110B500D5B29E /* Base */,
			);
			name = Main.storyboard;
			sourceTree = "<group>";
		};
		81DBEF3C1CB110B500D5B29E /* LaunchScreen.storyboard */ = {
			isa = PBXVariantGroup;
			children = (
				81DBEF3D1CB110B500D5B29E /* Base */,
			);
			name = LaunchScreen.storyboard;
			sourceTree = "<group>";
		};
/* End PBXVariantGroup section */

/* Begin XCBuildConfiguration section */
		81DBEF561CB110B500D5B29E /* Debug */ = {
			isa = XCBuildConfiguration;
			buildSettings = {
				ALWAYS_SEARCH_USER_PATHS = NO;
				CLANG_CXX_LANGUAGE_STANDARD = "gnu++0x";
				CLANG_CXX_LIBRARY = "libc++";
				CLANG_ENABLE_MODULES = YES;
				CLANG_ENABLE_OBJC_ARC = YES;
				CLANG_WARN_BOOL_CONVERSION = YES;
				CLANG_WARN_CONSTANT_CONVERSION = YES;
				CLANG_WARN_DIRECT_OBJC_ISA_USAGE = YES_ERROR;
				CLANG_WARN_EMPTY_BODY = YES;
				CLANG_WARN_ENUM_CONVERSION = YES;
				CLANG_WARN_INT_CONVERSION = YES;
				CLANG_WARN_OBJC_ROOT_CLASS = YES_ERROR;
				CLANG_WARN_UNREACHABLE_CODE = YES;
				CLANG_WARN__DUPLICATE_METHOD_MATCH = YES;
				"CODE_SIGN_IDENTITY[sdk=iphoneos*]" = "iPhone Developer";
				COPY_PHASE_STRIP = NO;
				DEBUG_INFORMATION_FORMAT = dwarf;
				ENABLE_STRICT_OBJC_MSGSEND = YES;
				ENABLE_TESTABILITY = YES;
				GCC_C_LANGUAGE_STANDARD = gnu99;
				GCC_DYNAMIC_NO_PIC = NO;
				GCC_NO_COMMON_BLOCKS = YES;
				GCC_OPTIMIZATION_LEVEL = 0;
				GCC_PREPROCESSOR_DEFINITIONS = (
					"DEBUG=1",
					"$(inherited)",
				);
				GCC_WARN_64_TO_32_BIT_CONVERSION = YES;
				GCC_WARN_ABOUT_RETURN_TYPE = YES_ERROR;
				GCC_WARN_UNDECLARED_SELECTOR = YES;
				GCC_WARN_UNINITIALIZED_AUTOS = YES_AGGRESSIVE;
				GCC_WARN_UNUSED_FUNCTION = YES;
				GCC_WARN_UNUSED_VARIABLE = YES;
				IPHONEOS_DEPLOYMENT_TARGET = 9.2;
				MTL_ENABLE_DEBUG_INFO = YES;
				ONLY_ACTIVE_ARCH = YES;
				SDKROOT = iphoneos;
				SWIFT_OPTIMIZATION_LEVEL = "-Onone";
			};
			name = Debug;
		};
		81DBEF571CB110B500D5B29E /* Release */ = {
			isa = XCBuildConfiguration;
			buildSettings = {
				ALWAYS_SEARCH_USER_PATHS = NO;
				CLANG_CXX_LANGUAGE_STANDARD = "gnu++0x";
				CLANG_CXX_LIBRARY = "libc++";
				CLANG_ENABLE_MODULES = YES;
				CLANG_ENABLE_OBJC_ARC = YES;
				CLANG_WARN_BOOL_CONVERSION = YES;
				CLANG_WARN_CONSTANT_CONVERSION = YES;
				CLANG_WARN_DIRECT_OBJC_ISA_USAGE = YES_ERROR;
				CLANG_WARN_EMPTY_BODY = YES;
				CLANG_WARN_ENUM_CONVERSION = YES;
				CLANG_WARN_INT_CONVERSION = YES;
				CLANG_WARN_OBJC_ROOT_CLASS = YES_ERROR;
				CLANG_WARN_UNREACHABLE_CODE = YES;
				CLANG_WARN__DUPLICATE_METHOD_MATCH = YES;
				"CODE_SIGN_IDENTITY[sdk=iphoneos*]" = "iPhone Developer";
				COPY_PHASE_STRIP = NO;
				DEBUG_INFORMATION_FORMAT = "dwarf-with-dsym";
				ENABLE_NS_ASSERTIONS = NO;
				ENABLE_STRICT_OBJC_MSGSEND = YES;
				GCC_C_LANGUAGE_STANDARD = gnu99;
				GCC_NO_COMMON_BLOCKS = YES;
				GCC_WARN_64_TO_32_BIT_CONVERSION = YES;
				GCC_WARN_ABOUT_RETURN_TYPE = YES_ERROR;
				GCC_WARN_UNDECLARED_SELECTOR = YES;
				GCC_WARN_UNINITIALIZED_AUTOS = YES_AGGRESSIVE;
				GCC_WARN_UNUSED_FUNCTION = YES;
				GCC_WARN_UNUSED_VARIABLE = YES;
				IPHONEOS_DEPLOYMENT_TARGET = 9.2;
				MTL_ENABLE_DEBUG_INFO = NO;
				SDKROOT = iphoneos;
				VALIDATE_PRODUCT = YES;
			};
			name = Release;
		};
		81DBEF591CB110B500D5B29E /* Debug */ = {
			isa = XCBuildConfiguration;
			buildSettings = {
				ASSETCATALOG_COMPILER_APPICON_NAME = AppIcon;
				INFOPLIST_FILE = TBS/Info.plist;
				LD_RUNPATH_SEARCH_PATHS = "$(inherited) @executable_path/Frameworks";
				PRODUCT_BUNDLE_IDENTIFIER = Shmur.TBS;
				PRODUCT_NAME = "$(TARGET_NAME)";
			};
			name = Debug;
		};
		81DBEF5A1CB110B500D5B29E /* Release */ = {
			isa = XCBuildConfiguration;
			buildSettings = {
				ASSETCATALOG_COMPILER_APPICON_NAME = AppIcon;
				INFOPLIST_FILE = TBS/Info.plist;
				LD_RUNPATH_SEARCH_PATHS = "$(inherited) @executable_path/Frameworks";
				PRODUCT_BUNDLE_IDENTIFIER = Shmur.TBS;
				PRODUCT_NAME = "$(TARGET_NAME)";
			};
			name = Release;
		};
		81DBEF5C1CB110B500D5B29E /* Debug */ = {
			isa = XCBuildConfiguration;
			buildSettings = {
				BUNDLE_LOADER = "$(TEST_HOST)";
				INFOPLIST_FILE = TBSTests/Info.plist;
				LD_RUNPATH_SEARCH_PATHS = "$(inherited) @executable_path/Frameworks @loader_path/Frameworks";
				PRODUCT_BUNDLE_IDENTIFIER = Shmur.TBSTests;
				PRODUCT_NAME = "$(TARGET_NAME)";
				TEST_HOST = "$(BUILT_PRODUCTS_DIR)/TBS.app/TBS";
			};
			name = Debug;
		};
		81DBEF5D1CB110B500D5B29E /* Release */ = {
			isa = XCBuildConfiguration;
			buildSettings = {
				BUNDLE_LOADER = "$(TEST_HOST)";
				INFOPLIST_FILE = TBSTests/Info.plist;
				LD_RUNPATH_SEARCH_PATHS = "$(inherited) @executable_path/Frameworks @loader_path/Frameworks";
				PRODUCT_BUNDLE_IDENTIFIER = Shmur.TBSTests;
				PRODUCT_NAME = "$(TARGET_NAME)";
				TEST_HOST = "$(BUILT_PRODUCTS_DIR)/TBS.app/TBS";
			};
			name = Release;
		};
		81DBEF5F1CB110B500D5B29E /* Debug */ = {
			isa = XCBuildConfiguration;
			buildSettings = {
				INFOPLIST_FILE = TBSUITests/Info.plist;
				LD_RUNPATH_SEARCH_PATHS = "$(inherited) @executable_path/Frameworks @loader_path/Frameworks";
				PRODUCT_BUNDLE_IDENTIFIER = Shmur.TBSUITests;
				PRODUCT_NAME = "$(TARGET_NAME)";
				TEST_TARGET_NAME = TBS;
				USES_XCTRUNNER = YES;
			};
			name = Debug;
		};
		81DBEF601CB110B500D5B29E /* Release */ = {
			isa = XCBuildConfiguration;
			buildSettings = {
				INFOPLIST_FILE = TBSUITests/Info.plist;
				LD_RUNPATH_SEARCH_PATHS = "$(inherited) @executable_path/Frameworks @loader_path/Frameworks";
				PRODUCT_BUNDLE_IDENTIFIER = Shmur.TBSUITests;
				PRODUCT_NAME = "$(TARGET_NAME)";
				TEST_TARGET_NAME = TBS;
				USES_XCTRUNNER = YES;
			};
			name = Release;
		};
/* End XCBuildConfiguration section */

/* Begin XCConfigurationList section */
		81DBEF2B1CB110B500D5B29E /* Build configuration list for PBXProject "TBS" */ = {
			isa = XCConfigurationList;
			buildConfigurations = (
				81DBEF561CB110B500D5B29E /* Debug */,
				81DBEF571CB110B500D5B29E /* Release */,
			);
			defaultConfigurationIsVisible = 0;
			defaultConfigurationName = Release;
		};
		81DBEF581CB110B500D5B29E /* Build configuration list for PBXNativeTarget "TBS" */ = {
			isa = XCConfigurationList;
			buildConfigurations = (
				81DBEF591CB110B500D5B29E /* Debug */,
				81DBEF5A1CB110B500D5B29E /* Release */,
			);
			defaultConfigurationIsVisible = 0;
			defaultConfigurationName = Release;
		};
		81DBEF5B1CB110B500D5B29E /* Build configuration list for PBXNativeTarget "TBSTests" */ = {
			isa = XCConfigurationList;
			buildConfigurations = (
				81DBEF5C1CB110B500D5B29E /* Debug */,
				81DBEF5D1CB110B500D5B29E /* Release */,
			);
			defaultConfigurationIsVisible = 0;
			defaultConfigurationName = Release;
		};
		81DBEF5E1CB110B500D5B29E /* Build configuration list for PBXNativeTarget "TBSUITests" */ = {
			isa = XCConfigurationList;
			buildConfigurations = (
				81DBEF5F1CB110B500D5B29E /* Debug */,
				81DBEF601CB110B500D5B29E /* Release */,
			);
			defaultConfigurationIsVisible = 0;
			defaultConfigurationName = Release;
		};
/* End XCConfigurationList section */
	};
	rootObject = 81DBEF281CB110B500D5B29E /* Project object */;
}
